// !$*UTF8*$!
{
	archiveVersion = 1;
	classes = {
	};
	objectVersion = 48;
	objects = {

/* Begin PBXBuildFile section */
		863F003A205BA44F00934419 /* UIKit.framework in Frameworks */ = {isa = PBXBuildFile; fileRef = 863F0039205BA44F00934419 /* UIKit.framework */; };
		863F003C205BA44F00934419 /* Foundation.framework in Frameworks */ = {isa = PBXBuildFile; fileRef = 863F003B205BA44F00934419 /* Foundation.framework */; };
		863F003E205BA44F00934419 /* CydiaSubstrate.framework in Frameworks */ = {isa = PBXBuildFile; fileRef = 863F003D205BA44F00934419 /* CydiaSubstrate.framework */; };
		863F0047205BA44F00934419 /* FrogTweak.mm in Sources */ = {isa = PBXBuildFile; fileRef = 863F0046205BA44F00934419 /* FrogTweak.mm */; };
/* End PBXBuildFile section */

/* Begin PBXFileReference section */
		863F0036205BA44F00934419 /* FrogTweak.dylib */ = {isa = PBXFileReference; explicitFileType = "compiled.mach-o.dylib"; includeInIndex = 0; path = FrogTweak.dylib; sourceTree = BUILT_PRODUCTS_DIR; };
		863F0039205BA44F00934419 /* UIKit.framework */ = {isa = PBXFileReference; lastKnownFileType = wrapper.framework; name = UIKit.framework; path = System/Library/Frameworks/UIKit.framework; sourceTree = SDKROOT; };
		863F003B205BA44F00934419 /* Foundation.framework */ = {isa = PBXFileReference; lastKnownFileType = wrapper.framework; name = Foundation.framework; path = System/Library/Frameworks/Foundation.framework; sourceTree = SDKROOT; };
		863F003D205BA44F00934419 /* CydiaSubstrate.framework */ = {isa = PBXFileReference; lastKnownFileType = wrapper.framework; name = CydiaSubstrate.framework; path = Library/Frameworks/CydiaSubstrate.framework; sourceTree = DEVELOPER_DIR; };
		863F0042205BA44F00934419 /* control */ = {isa = PBXFileReference; lastKnownFileType = text; name = control; path = Package/DEBIAN/control; sourceTree = "<group>"; };
		863F0044205BA44F00934419 /* FrogTweak-Prefix.pch */ = {isa = PBXFileReference; lastKnownFileType = sourcecode.c.h; path = "FrogTweak-Prefix.pch"; sourceTree = "<group>"; };
		863F0045205BA44F00934419 /* FrogTweak.xm */ = {isa = PBXFileReference; explicitFileType = sourcecode.cpp.objcpp; path = FrogTweak.xm; sourceTree = "<group>"; };
		863F0046205BA44F00934419 /* FrogTweak.mm */ = {isa = PBXFileReference; lastKnownFileType = sourcecode.cpp.objcpp; path = FrogTweak.mm; sourceTree = "<group>"; };
		863F004B205BA44F00934419 /* FrogTweak.plist */ = {isa = PBXFileReference; lastKnownFileType = text.plist.xml; name = FrogTweak.plist; path = Package/Library/MobileSubstrate/DynamicLibraries/FrogTweak.plist; sourceTree = "<group>"; };
/* End PBXFileReference section */

/* Begin PBXFrameworksBuildPhase section */
		863F0032205BA44F00934419 /* Frameworks */ = {
			isa = PBXFrameworksBuildPhase;
			buildActionMask = 2147483647;
			files = (
				863F003A205BA44F00934419 /* UIKit.framework in Frameworks */,
				863F003C205BA44F00934419 /* Foundation.framework in Frameworks */,
				863F003E205BA44F00934419 /* CydiaSubstrate.framework in Frameworks */,
			);
			runOnlyForDeploymentPostprocessing = 0;
		};
/* End PBXFrameworksBuildPhase section */

/* Begin PBXGroup section */
		863F002B205BA44F00934419 = {
			isa = PBXGroup;
			children = (
				863F003F205BA44F00934419 /* FrogTweak */,
				863F0038205BA44F00934419 /* Frameworks */,
				863F0037205BA44F00934419 /* Products */,
			);
			sourceTree = "<group>";
		};
		863F0037205BA44F00934419 /* Products */ = {
			isa = PBXGroup;
			children = (
				863F0036205BA44F00934419 /* FrogTweak.dylib */,
			);
			name = Products;
			sourceTree = "<group>";
		};
		863F0038205BA44F00934419 /* Frameworks */ = {
			isa = PBXGroup;
			children = (
				863F0039205BA44F00934419 /* UIKit.framework */,
				863F003B205BA44F00934419 /* Foundation.framework */,
				863F003D205BA44F00934419 /* CydiaSubstrate.framework */,
			);
			name = Frameworks;
			sourceTree = "<group>";
		};
		863F003F205BA44F00934419 /* FrogTweak */ = {
			isa = PBXGroup;
			children = (
				863F0045205BA44F00934419 /* FrogTweak.xm */,
				863F0046205BA44F00934419 /* FrogTweak.mm */,
				863F0040205BA44F00934419 /* Package */,
				863F0043205BA44F00934419 /* Supporting Files */,
			);
			path = FrogTweak;
			sourceTree = "<group>";
		};
		863F0040205BA44F00934419 /* Package */ = {
			isa = PBXGroup;
			children = (
				863F0041205BA44F00934419 /* DEBIAN */,
				863F0048205BA44F00934419 /* Library */,
			);
			name = Package;
			sourceTree = "<group>";
		};
		863F0041205BA44F00934419 /* DEBIAN */ = {
			isa = PBXGroup;
			children = (
				863F0042205BA44F00934419 /* control */,
			);
			name = DEBIAN;
			sourceTree = "<group>";
		};
		863F0043205BA44F00934419 /* Supporting Files */ = {
			isa = PBXGroup;
			children = (
				863F0044205BA44F00934419 /* FrogTweak-Prefix.pch */,
			);
			name = "Supporting Files";
			sourceTree = "<group>";
		};
		863F0048205BA44F00934419 /* Library */ = {
			isa = PBXGroup;
			children = (
				863F0049205BA44F00934419 /* MobileSubstrate */,
			);
			name = Library;
			sourceTree = "<group>";
		};
		863F0049205BA44F00934419 /* MobileSubstrate */ = {
			isa = PBXGroup;
			children = (
				863F004A205BA44F00934419 /* DynamicLibraries */,
			);
			name = MobileSubstrate;
			sourceTree = "<group>";
		};
		863F004A205BA44F00934419 /* DynamicLibraries */ = {
			isa = PBXGroup;
			children = (
				863F004B205BA44F00934419 /* FrogTweak.plist */,
			);
			name = DynamicLibraries;
			sourceTree = "<group>";
		};
/* End PBXGroup section */

/* Begin PBXHeadersBuildPhase section */
		863F0033205BA44F00934419 /* Headers */ = {
			isa = PBXHeadersBuildPhase;
			buildActionMask = 2147483647;
			files = (
			);
			runOnlyForDeploymentPostprocessing = 0;
		};
/* End PBXHeadersBuildPhase section */

/* Begin PBXNativeTarget section */
		863F0035205BA44F00934419 /* FrogTweak */ = {
			isa = PBXNativeTarget;
			buildConfigurationList = 863F004E205BA44F00934419 /* Build configuration list for PBXNativeTarget "FrogTweak" */;
			buildPhases = (
				863F0030205BA44F00934419 /* ShellScript */,
				863F0031205BA44F00934419 /* Sources */,
				863F0032205BA44F00934419 /* Frameworks */,
				863F0033205BA44F00934419 /* Headers */,
				863F0034205BA44F00934419 /* ShellScript */,
			);
			buildRules = (
			);
			dependencies = (
			);
			name = FrogTweak;
			productName = FrogTweak;
			productReference = 863F0036205BA44F00934419 /* FrogTweak.dylib */;
			productType = "com.apple.product-type.library.dynamic";
		};
/* End PBXNativeTarget section */

/* Begin PBXProject section */
		863F002C205BA44F00934419 /* Project object */ = {
			isa = PBXProject;
			attributes = {
				LastUpgradeCheck = 0900;
				TargetAttributes = {
					863F0035205BA44F00934419 = {
						CreatedOnToolsVersion = 9.0;
						ProvisioningStyle = Automatic;
					};
				};
			};
			buildConfigurationList = 863F002F205BA44F00934419 /* Build configuration list for PBXProject "FrogTweak" */;
			compatibilityVersion = "Xcode 8.0";
			developmentRegion = en;
			hasScannedForEncodings = 0;
			knownRegions = (
				en,
			);
			mainGroup = 863F002B205BA44F00934419;
			productRefGroup = 863F0037205BA44F00934419 /* Products */;
			projectDirPath = "";
			projectRoot = "";
			targets = (
				863F0035205BA44F00934419 /* FrogTweak */,
			);
		};
/* End PBXProject section */

/* Begin PBXShellScriptBuildPhase section */
		863F0030205BA44F00934419 /* ShellScript */ = {
			isa = PBXShellScriptBuildPhase;
			buildActionMask = 2147483647;
			files = (
			);
			inputPaths = (
			);
			outputPaths = (
			);
			runOnlyForDeploymentPostprocessing = 0;
			shellPath = /bin/sh;
			shellScript = "/opt/MonkeyDev/bin/md --xcbp-logos";
		};
		863F0034205BA44F00934419 /* ShellScript */ = {
			isa = PBXShellScriptBuildPhase;
			buildActionMask = 2147483647;
			files = (
			);
			inputPaths = (
			);
			outputPaths = (
			);
			runOnlyForDeploymentPostprocessing = 0;
			shellPath = /bin/sh;
			shellScript = "/opt/MonkeyDev/bin/md --xcbp";
		};
/* End PBXShellScriptBuildPhase section */

/* Begin PBXSourcesBuildPhase section */
		863F0031205BA44F00934419 /* Sources */ = {
			isa = PBXSourcesBuildPhase;
			buildActionMask = 2147483647;
			files = (
				863F0047205BA44F00934419 /* FrogTweak.mm in Sources */,
			);
			runOnlyForDeploymentPostprocessing = 0;
		};
/* End PBXSourcesBuildPhase section */

/* Begin XCBuildConfiguration section */
		863F004C205BA44F00934419 /* Release */ = {
			isa = XCBuildConfiguration;
			buildSettings = {
				CODE_SIGN_IDENTITY = "iPhone Developer";
				COPY_PHASE_STRIP = YES;
				EXCLUDED_RECURSIVE_SEARCH_PATH_SUBDIRECTORIES = "*.nib *.lproj *.gch (*) .DS_Store CVS .svn .git .hg *.xcodeproj *.xcode *.pbproj *.pbxproj";
				FRAMEWORK_SEARCH_PATHS = (
					"$(MonkeyDevPath)/frameworks/**",
					"$(MonkeyDevTheosPath)/vendor/lib",
				);
				GCC_C_LANGUAGE_STANDARD = gnu99;
				GCC_WARN_ABOUT_MISSING_PROTOTYPES = YES;
				GCC_WARN_ABOUT_RETURN_TYPE = YES;
				GCC_WARN_UNUSED_VARIABLE = YES;
				HEADER_SEARCH_PATHS = "$(MonkeyDevTheosPath)/vendor/include/**";
				IPHONEOS_DEPLOYMENT_TARGET = 8.0;
				LIBRARY_SEARCH_PATHS = "$(MonkeyDevTheosPath)/vendor/lib/**";
				MonkeyDevPath = /opt/MonkeyDev;
				MonkeyDevTheosPath = /opt/theos;
				OTHER_CFLAGS = "-DTHEOS_INSTANCE_NAME=\"\\\"FrogTweak\\\"\"";
				SDKROOT = iphoneos;
				TARGETED_DEVICE_FAMILY = "1,2";
				VALIDATE_PRODUCT = YES;
			};
			name = Release;
		};
		863F004D205BA44F00934419 /* Debug */ = {
			isa = XCBuildConfiguration;
			buildSettings = {
				CODE_SIGN_IDENTITY = "iPhone Developer";
				COPY_PHASE_STRIP = NO;
				EXCLUDED_RECURSIVE_SEARCH_PATH_SUBDIRECTORIES = "*.nib *.lproj *.gch (*) .DS_Store CVS .svn .git .hg *.xcodeproj *.xcode *.pbproj *.pbxproj";
				FRAMEWORK_SEARCH_PATHS = (
					"$(MonkeyDevPath)/frameworks/**",
					"$(MonkeyDevTheosPath)/vendor/lib",
				);
				GCC_C_LANGUAGE_STANDARD = gnu99;
				GCC_DYNAMIC_NO_PIC = NO;
				GCC_OPTIMIZATION_LEVEL = 0;
				GCC_PREPROCESSOR_DEFINITIONS = (
					"DEBUG=1",
					"$(inherited)",
				);
				GCC_SYMBOLS_PRIVATE_EXTERN = NO;
				GCC_WARN_ABOUT_MISSING_PROTOTYPES = YES;
				GCC_WARN_ABOUT_RETURN_TYPE = YES;
				GCC_WARN_UNUSED_VARIABLE = YES;
				HEADER_SEARCH_PATHS = "$(MonkeyDevTheosPath)/vendor/include/**";
				IPHONEOS_DEPLOYMENT_TARGET = 8.0;
				LIBRARY_SEARCH_PATHS = "$(MonkeyDevTheosPath)/vendor/lib/**";
				MonkeyDevPath = /opt/MonkeyDev;
				MonkeyDevTheosPath = /opt/theos;
				OTHER_CFLAGS = "-DTHEOS_INSTANCE_NAME=\"\\\"FrogTweak\\\"\"";
				SDKROOT = iphoneos;
				TARGETED_DEVICE_FAMILY = "1,2";
				VALIDATE_PRODUCT = NO;
			};
			name = Debug;
		};
		863F004F205BA44F00934419 /* Release */ = {
			isa = XCBuildConfiguration;
			buildSettings = {
				CLANG_ENABLE_OBJC_ARC = YES;
				CODE_SIGN_IDENTITY = "";
				CODE_SIGN_STYLE = Automatic;
				DEVELOPMENT_TEAM = 9XQEPG2J2J;
				DYLIB_COMPATIBILITY_VERSION = 1;
				DYLIB_CURRENT_VERSION = 1;
				GCC_PRECOMPILE_PREFIX_HEADER = YES;
				GCC_PREFIX_HEADER = "FrogTweak/FrogTweak-Prefix.pch";
				INSTALL_PATH = /Library/MobileSubstrate/DynamicLibraries;
				MonkeyDevBuildPackageOnAnyBuild = NO;
				MonkeyDevClearUiCacheOnInstall = NO;
				MonkeyDevCopyOnBuild = NO;
				MonkeyDevDeviceIP = "";
				MonkeyDevDevicePassword = "";
				MonkeyDevDevicePort = "";
				MonkeyDevInstallOnAnyBuild = YES;
				MonkeyDevInstallOnProfiling = YES;
				MonkeyDevkillProcessOnInstall = SpringBoard;
				PRODUCT_NAME = "$(TARGET_NAME)";
				TARGETED_DEVICE_FAMILY = "1,2";
			};
			name = Release;
		};
		863F0050205BA44F00934419 /* Debug */ = {
			isa = XCBuildConfiguration;
			buildSettings = {
				CLANG_ENABLE_OBJC_ARC = YES;
				CODE_SIGN_IDENTITY = "";
				CODE_SIGN_STYLE = Automatic;
				DEVELOPMENT_TEAM = 9XQEPG2J2J;
				DYLIB_COMPATIBILITY_VERSION = 1;
				DYLIB_CURRENT_VERSION = 1;
				GCC_PRECOMPILE_PREFIX_HEADER = YES;
				GCC_PREFIX_HEADER = "FrogTweak/FrogTweak-Prefix.pch";
				INSTALL_PATH = /Library/MobileSubstrate/DynamicLibraries;
				MonkeyDevBuildPackageOnAnyBuild = NO;
				MonkeyDevClearUiCacheOnInstall = NO;
				MonkeyDevCopyOnBuild = NO;
				MonkeyDevDeviceIP = "";
				MonkeyDevDevicePassword = "";
				MonkeyDevDevicePort = "";
				MonkeyDevInstallOnAnyBuild = YES;
				MonkeyDevInstallOnProfiling = YES;
				MonkeyDevkillProcessOnInstall = SpringBoard;
				PRODUCT_NAME = "$(TARGET_NAME)";
				TARGETED_DEVICE_FAMILY = "1,2";
			};
			name = Debug;
		};
/* End XCBuildConfiguration section */

/* Begin XCConfigurationList section */
		863F002F205BA44F00934419 /* Build configuration list for PBXProject "FrogTweak" */ = {
			isa = XCConfigurationList;
			buildConfigurations = (
				863F004C205BA44F00934419 /* Release */,
				863F004D205BA44F00934419 /* Debug */,
			);
			defaultConfigurationIsVisible = 0;
			defaultConfigurationName = Release;
		};
		863F004E205BA44F00934419 /* Build configuration list for PBXNativeTarget "FrogTweak" */ = {
			isa = XCConfigurationList;
			buildConfigurations = (
				863F004F205BA44F00934419 /* Release */,
				863F0050205BA44F00934419 /* Debug */,
			);
			defaultConfigurationIsVisible = 0;
			defaultConfigurationName = Release;
		};
/* End XCConfigurationList section */
	};
	rootObject = 863F002C205BA44F00934419 /* Project object */;
}
